
Microsoft Visual Studio Solution File, Format Version 12.00
# Visual Studio 15
VisualStudioVersion = 15.0.27428.2037
MinimumVisualStudioVersion = 10.0.40219.1
Project("{FAE04EC0-301F-11D3-BF4B-00C04F79EFBC}") = "FindUnknownDigit", "FindUnknownDigit\FindUnknownDigit.csproj", "{D53A7145-8294-455E-83DD-A1CD36AC43C7}"
EndProject
Project("{FAE04EC0-301F-11D3-BF4B-00C04F79EFBC}") = "UnitTests", "UnitTests\UnitTests.csproj", "{8D5BE376-E9CE-4299-8B08-7B95EE7AE8A2}"
EndProject
Global
	GlobalSection(SolutionConfigurationPlatforms) = preSolution
		Debug|Any CPU = Debug|Any CPU
		Release|Any CPU = Release|Any CPU
	EndGlobalSection
	GlobalSection(ProjectConfigurationPlatforms) = postSolution
		{D53A7145-8294-455E-83DD-A1CD36AC43C7}.Debug|Any CPU.ActiveCfg = Debug|Any CPU
		{D53A7145-8294-455E-83DD-A1CD36AC43C7}.Debug|Any CPU.Build.0 = Debug|Any CPU
		{D53A7145-8294-455E-83DD-A1CD36AC43C7}.Release|Any CPU.ActiveCfg = Release|Any CPU
		{D53A7145-8294-455E-83DD-A1CD36AC43C7}.Release|Any CPU.Build.0 = Release|Any CPU
		{8D5BE376-E9CE-4299-8B08-7B95EE7AE8A2}.Debug|Any CPU.ActiveCfg = Debug|Any CPU
		{8D5BE376-E9CE-4299-8B08-7B95EE7AE8A2}.Debug|Any CPU.Build.0 = Debug|Any CPU
		{8D5BE376-E9CE-4299-8B08-7B95EE7AE8A2}.Release|Any CPU.ActiveCfg = Release|Any CPU
		{8D5BE376-E9CE-4299-8B08-7B95EE7AE8A2}.Release|Any CPU.Build.0 = Release|Any CPU
	EndGlobalSection
	GlobalSection(SolutionProperties) = preSolution
		HideSolutionNode = FALSE
	EndGlobalSection
	GlobalSection(ExtensibilityGlobals) = postSolution
		SolutionGuid = {A3220629-E578-47FE-976A-5539181BAF7E}
	EndGlobalSection
EndGlobal
